
Microsoft Visual Studio Solution File, Format Version 12.00
# Visual Studio Version 17
VisualStudioVersion = 17.6.33723.286
MinimumVisualStudioVersion = 10.0.40219.1
Project("{9A19103F-16F7-4668-BE54-9A1E7A4F7556}") = "CryptoCurrencyQuote.API", "src\CryptoCurrencyQuote.API\CryptoCurrencyQuote.API.csproj", "{5A68FF57-234E-4BB8-88D6-EA7A0F1A70D2}"
EndProject
Project("{FAE04EC0-301F-11D3-BF4B-00C04F79EFBC}") = "CryptoCurrencyQuote.Domain", "src\CryptoCurrencyQuote.Domain\CryptoCurrencyQuote.Domain.csproj", "{ABE27A67-C6FC-44AF-92AD-B9F0ECB4B499}"
EndProject
Project("{FAE04EC0-301F-11D3-BF4B-00C04F79EFBC}") = "CryptoCurrencyQuote.Domain.UnitTests", "tests\CryptoCurrencyQuote.Domain.UnitTests\CryptoCurrencyQuote.Domain.UnitTests.csproj", "{5FB5786B-8FB6-4EA9-9AF8-B100B7DB94CF}"
EndProject
Project("{9A19103F-16F7-4668-BE54-9A1E7A4F7556}") = "CryptoCurrencyQuote.Data", "src\CryptoCurrencyQuote.Data\CryptoCurrencyQuote.Data.csproj", "{51F8E584-FB6B-47A3-801F-9B06090EA427}"
EndProject
Global
	GlobalSection(SolutionConfigurationPlatforms) = preSolution
		Debug|Any CPU = Debug|Any CPU
		Release|Any CPU = Release|Any CPU
	EndGlobalSection
	GlobalSection(ProjectConfigurationPlatforms) = postSolution
		{5A68FF57-234E-4BB8-88D6-EA7A0F1A70D2}.Debug|Any CPU.ActiveCfg = Debug|Any CPU
		{5A68FF57-234E-4BB8-88D6-EA7A0F1A70D2}.Debug|Any CPU.Build.0 = Debug|Any CPU
		{5A68FF57-234E-4BB8-88D6-EA7A0F1A70D2}.Release|Any CPU.ActiveCfg = Release|Any CPU
		{5A68FF57-234E-4BB8-88D6-EA7A0F1A70D2}.Release|Any CPU.Build.0 = Release|Any CPU
		{ABE27A67-C6FC-44AF-92AD-B9F0ECB4B499}.Debug|Any CPU.ActiveCfg = Debug|Any CPU
		{ABE27A67-C6FC-44AF-92AD-B9F0ECB4B499}.Debug|Any CPU.Build.0 = Debug|Any CPU
		{ABE27A67-C6FC-44AF-92AD-B9F0ECB4B499}.Release|Any CPU.ActiveCfg = Release|Any CPU
		{ABE27A67-C6FC-44AF-92AD-B9F0ECB4B499}.Release|Any CPU.Build.0 = Release|Any CPU
		{5FB5786B-8FB6-4EA9-9AF8-B100B7DB94CF}.Debug|Any CPU.ActiveCfg = Debug|Any CPU
		{5FB5786B-8FB6-4EA9-9AF8-B100B7DB94CF}.Debug|Any CPU.Build.0 = Debug|Any CPU
		{5FB5786B-8FB6-4EA9-9AF8-B100B7DB94CF}.Release|Any CPU.ActiveCfg = Release|Any CPU
		{5FB5786B-8FB6-4EA9-9AF8-B100B7DB94CF}.Release|Any CPU.Build.0 = Release|Any CPU
		{51F8E584-FB6B-47A3-801F-9B06090EA427}.Debug|Any CPU.ActiveCfg = Debug|Any CPU
		{51F8E584-FB6B-47A3-801F-9B06090EA427}.Debug|Any CPU.Build.0 = Debug|Any CPU
		{51F8E584-FB6B-47A3-801F-9B06090EA427}.Release|Any CPU.ActiveCfg = Release|Any CPU
		{51F8E584-FB6B-47A3-801F-9B06090EA427}.Release|Any CPU.Build.0 = Release|Any CPU
	EndGlobalSection
	GlobalSection(SolutionProperties) = preSolution
		HideSolutionNode = FALSE
	EndGlobalSection
	GlobalSection(ExtensibilityGlobals) = postSolution
		SolutionGuid = {8646E4BA-ED0A-4CA7-9ED3-DEBCE3B221F8}
	EndGlobalSection
EndGlobal
