
Microsoft Visual Studio Solution File, Format Version 12.00
# Visual Studio Version 17
VisualStudioVersion = 17.6.33723.286
MinimumVisualStudioVersion = 10.0.40219.1
Project("{9A19103F-16F7-4668-BE54-9A1E7A4F7556}") = "CryptoCurrencyQuote.API", "src\CryptoCurrencyQuote.API\CryptoCurrencyQuote.API.csproj", "{5A68FF57-234E-4BB8-88D6-EA7A0F1A70D2}"
EndProject
Project("{FAE04EC0-301F-11D3-BF4B-00C04F79EFBC}") = "CryptoCurrencyQuote.Domain", "src\CryptoCurrencyQuote.Domain\CryptoCurrencyQuote.Domain.csproj", "{ABE27A67-C6FC-44AF-92AD-B9F0ECB4B499}"
EndProject
Project("{FAE04EC0-301F-11D3-BF4B-00C04F79EFBC}") = "CryptoCurrencyQuote.Data", "CryptoCurrencyQuote.Data\CryptoCurrencyQuote.Data.csproj", "{45ECCD2F-3D43-489D-A102-D7E4C49229A5}"
EndProject
Global
	GlobalSection(SolutionConfigurationPlatforms) = preSolution
		Debug|Any CPU = Debug|Any CPU
		Release|Any CPU = Release|Any CPU
	EndGlobalSection
	GlobalSection(ProjectConfigurationPlatforms) = postSolution
		{5A68FF57-234E-4BB8-88D6-EA7A0F1A70D2}.Debug|Any CPU.ActiveCfg = Debug|Any CPU
		{5A68FF57-234E-4BB8-88D6-EA7A0F1A70D2}.Debug|Any CPU.Build.0 = Debug|Any CPU
		{5A68FF57-234E-4BB8-88D6-EA7A0F1A70D2}.Release|Any CPU.ActiveCfg = Release|Any CPU
		{5A68FF57-234E-4BB8-88D6-EA7A0F1A70D2}.Release|Any CPU.Build.0 = Release|Any CPU
		{ABE27A67-C6FC-44AF-92AD-B9F0ECB4B499}.Debug|Any CPU.ActiveCfg = Debug|Any CPU
		{ABE27A67-C6FC-44AF-92AD-B9F0ECB4B499}.Debug|Any CPU.Build.0 = Debug|Any CPU
		{ABE27A67-C6FC-44AF-92AD-B9F0ECB4B499}.Release|Any CPU.ActiveCfg = Release|Any CPU
		{ABE27A67-C6FC-44AF-92AD-B9F0ECB4B499}.Release|Any CPU.Build.0 = Release|Any CPU
		{45ECCD2F-3D43-489D-A102-D7E4C49229A5}.Debug|Any CPU.ActiveCfg = Debug|Any CPU
		{45ECCD2F-3D43-489D-A102-D7E4C49229A5}.Debug|Any CPU.Build.0 = Debug|Any CPU
		{45ECCD2F-3D43-489D-A102-D7E4C49229A5}.Release|Any CPU.ActiveCfg = Release|Any CPU
		{45ECCD2F-3D43-489D-A102-D7E4C49229A5}.Release|Any CPU.Build.0 = Release|Any CPU
	EndGlobalSection
	GlobalSection(SolutionProperties) = preSolution
		HideSolutionNode = FALSE
	EndGlobalSection
	GlobalSection(ExtensibilityGlobals) = postSolution
		SolutionGuid = {8646E4BA-ED0A-4CA7-9ED3-DEBCE3B221F8}
	EndGlobalSection
EndGlobal
